// !$*UTF8*$!
{
	archiveVersion = 1;
	classes = {
	};
	objectVersion = 46;
	objects = {

/* Begin PBXBuildFile section */
		637A720E1C5BF8160056545A /* AppDelegate.swift in Sources */ = {isa = PBXBuildFile; fileRef = 637A72061C5BF8160056545A /* AppDelegate.swift */; };
		637A720F1C5BF8160056545A /* Assets.xcassets in Resources */ = {isa = PBXBuildFile; fileRef = 637A72071C5BF8160056545A /* Assets.xcassets */; };
		637A72101C5BF8160056545A /* LaunchScreen.storyboard in Resources */ = {isa = PBXBuildFile; fileRef = 637A72081C5BF8160056545A /* LaunchScreen.storyboard */; };
		637A72111C5BF8160056545A /* Main.storyboard in Resources */ = {isa = PBXBuildFile; fileRef = 637A720A1C5BF8160056545A /* Main.storyboard */; };
		637A72131C5BF8160056545A /* ViewController.swift in Sources */ = {isa = PBXBuildFile; fileRef = 637A720D1C5BF8160056545A /* ViewController.swift */; };
		637A72161C5C06270056545A /* UsergridManager.swift in Sources */ = {isa = PBXBuildFile; fileRef = 637A72151C5C06270056545A /* UsergridManager.swift */; };
		93F1FDA07B9F97BFB25A2B6A /* Pods.framework in Frameworks */ = {isa = PBXBuildFile; fileRef = 73F3E0733C90D8FB3A70AF1A /* Pods.framework */; };
/* End PBXBuildFile section */

/* Begin PBXFileReference section */
		40784BA539B3C7FC7074887B /* Pods.debug.xcconfig */ = {isa = PBXFileReference; includeInIndex = 1; lastKnownFileType = text.xcconfig; name = Pods.debug.xcconfig; path = "Pods/Target Support Files/Pods/Pods.debug.xcconfig"; sourceTree = "<group>"; };
		637A71F01C5BF7B10056545A /* Push.app */ = {isa = PBXFileReference; explicitFileType = wrapper.application; includeInIndex = 0; path = Push.app; sourceTree = BUILT_PRODUCTS_DIR; };
		637A72061C5BF8160056545A /* AppDelegate.swift */ = {isa = PBXFileReference; fileEncoding = 4; lastKnownFileType = sourcecode.swift; path = AppDelegate.swift; sourceTree = "<group>"; };
		637A72071C5BF8160056545A /* Assets.xcassets */ = {isa = PBXFileReference; lastKnownFileType = folder.assetcatalog; path = Assets.xcassets; sourceTree = "<group>"; };
		637A72091C5BF8160056545A /* Base */ = {isa = PBXFileReference; lastKnownFileType = file.storyboard; name = Base; path = Base.lproj/LaunchScreen.storyboard; sourceTree = "<group>"; };
		637A720B1C5BF8160056545A /* Base */ = {isa = PBXFileReference; lastKnownFileType = file.storyboard; name = Base; path = Base.lproj/Main.storyboard; sourceTree = "<group>"; };
		637A720C1C5BF8160056545A /* Info.plist */ = {isa = PBXFileReference; fileEncoding = 4; lastKnownFileType = text.plist.xml; path = Info.plist; sourceTree = "<group>"; };
		637A720D1C5BF8160056545A /* ViewController.swift */ = {isa = PBXFileReference; fileEncoding = 4; lastKnownFileType = sourcecode.swift; path = ViewController.swift; sourceTree = "<group>"; };
		637A72151C5C06270056545A /* UsergridManager.swift */ = {isa = PBXFileReference; fileEncoding = 4; lastKnownFileType = sourcecode.swift; path = UsergridManager.swift; sourceTree = "<group>"; };
		73F3E0733C90D8FB3A70AF1A /* Pods.framework */ = {isa = PBXFileReference; explicitFileType = wrapper.framework; includeInIndex = 0; path = Pods.framework; sourceTree = BUILT_PRODUCTS_DIR; };
		9BB4D667087D6CF002BECEB1 /* Pods.release.xcconfig */ = {isa = PBXFileReference; includeInIndex = 1; lastKnownFileType = text.xcconfig; name = Pods.release.xcconfig; path = "Pods/Target Support Files/Pods/Pods.release.xcconfig"; sourceTree = "<group>"; };
/* End PBXFileReference section */

/* Begin PBXFrameworksBuildPhase section */
		637A71ED1C5BF7B10056545A /* Frameworks */ = {
			isa = PBXFrameworksBuildPhase;
			buildActionMask = 2147483647;
			files = (
				93F1FDA07B9F97BFB25A2B6A /* Pods.framework in Frameworks */,
			);
			runOnlyForDeploymentPostprocessing = 0;
		};
/* End PBXFrameworksBuildPhase section */

/* Begin PBXGroup section */
		11B1DE4765D09F54EEAA5FB4 /* Pods */ = {
			isa = PBXGroup;
			children = (
				40784BA539B3C7FC7074887B /* Pods.debug.xcconfig */,
				9BB4D667087D6CF002BECEB1 /* Pods.release.xcconfig */,
			);
			name = Pods;
			sourceTree = "<group>";
		};
		40B8DB4D5F8684F52D86AD13 /* Frameworks */ = {
			isa = PBXGroup;
			children = (
				73F3E0733C90D8FB3A70AF1A /* Pods.framework */,
			);
			name = Frameworks;
			sourceTree = "<group>";
		};
		637A71E71C5BF7B10056545A = {
			isa = PBXGroup;
			children = (
				637A72051C5BF8160056545A /* Source */,
				637A71F11C5BF7B10056545A /* Products */,
				11B1DE4765D09F54EEAA5FB4 /* Pods */,
				40B8DB4D5F8684F52D86AD13 /* Frameworks */,
			);
			sourceTree = "<group>";
		};
		637A71F11C5BF7B10056545A /* Products */ = {
			isa = PBXGroup;
			children = (
				637A71F01C5BF7B10056545A /* Push.app */,
			);
			name = Products;
			sourceTree = "<group>";
		};
		637A72051C5BF8160056545A /* Source */ = {
			isa = PBXGroup;
			children = (
				637A72061C5BF8160056545A /* AppDelegate.swift */,
				637A720D1C5BF8160056545A /* ViewController.swift */,
				637A72151C5C06270056545A /* UsergridManager.swift */,
				637A720A1C5BF8160056545A /* Main.storyboard */,
				637A72081C5BF8160056545A /* LaunchScreen.storyboard */,
				637A72141C5BF8220056545A /* Supporting Files */,
			);
			path = Source;
			sourceTree = "<group>";
		};
		637A72141C5BF8220056545A /* Supporting Files */ = {
			isa = PBXGroup;
			children = (
				637A72071C5BF8160056545A /* Assets.xcassets */,
				637A720C1C5BF8160056545A /* Info.plist */,
			);
			name = "Supporting Files";
			sourceTree = "<group>";
		};
/* End PBXGroup section */

/* Begin PBXNativeTarget section */
		637A71EF1C5BF7B10056545A /* Push */ = {
			isa = PBXNativeTarget;
			buildConfigurationList = 637A72021C5BF7B10056545A /* Build configuration list for PBXNativeTarget "Push" */;
			buildPhases = (
				07DB92FBF16075B01449F26B /* Check Pods Manifest.lock */,
				637A71EC1C5BF7B10056545A /* Sources */,
				637A71ED1C5BF7B10056545A /* Frameworks */,
				637A71EE1C5BF7B10056545A /* Resources */,
				9A01B8F77A9D4469391D8826 /* Embed Pods Frameworks */,
				EA12798F3DFFB01F69B53C53 /* Copy Pods Resources */,
			);
			buildRules = (
			);
			dependencies = (
			);
			name = Push;
			productName = Push;
			productReference = 637A71F01C5BF7B10056545A /* Push.app */;
			productType = "com.apple.product-type.application";
		};
/* End PBXNativeTarget section */

/* Begin PBXProject section */
		637A71E81C5BF7B10056545A /* Project object */ = {
			isa = PBXProject;
			attributes = {
				LastSwiftUpdateCheck = 0720;
				LastUpgradeCheck = 0720;
				ORGANIZATIONNAME = "Apigee Inc.";
				TargetAttributes = {
					637A71EF1C5BF7B10056545A = {
						CreatedOnToolsVersion = 7.2;
					};
				};
			};
			buildConfigurationList = 637A71EB1C5BF7B10056545A /* Build configuration list for PBXProject "Push" */;
			compatibilityVersion = "Xcode 3.2";
			developmentRegion = English;
			hasScannedForEncodings = 0;
			knownRegions = (
				en,
				Base,
			);
			mainGroup = 637A71E71C5BF7B10056545A;
			productRefGroup = 637A71F11C5BF7B10056545A /* Products */;
			projectDirPath = "";
			projectRoot = "";
			targets = (
				637A71EF1C5BF7B10056545A /* Push */,
			);
		};
/* End PBXProject section */

/* Begin PBXResourcesBuildPhase section */
		637A71EE1C5BF7B10056545A /* Resources */ = {
			isa = PBXResourcesBuildPhase;
			buildActionMask = 2147483647;
			files = (
				637A72111C5BF8160056545A /* Main.storyboard in Resources */,
				637A720F1C5BF8160056545A /* Assets.xcassets in Resources */,
				637A72101C5BF8160056545A /* LaunchScreen.storyboard in Resources */,
			);
			runOnlyForDeploymentPostprocessing = 0;
		};
/* End PBXResourcesBuildPhase section */

/* Begin PBXShellScriptBuildPhase section */
		07DB92FBF16075B01449F26B /* Check Pods Manifest.lock */ = {
			isa = PBXShellScriptBuildPhase;
			buildActionMask = 2147483647;
			files = (
			);
			inputPaths = (
			);
			name = "Check Pods Manifest.lock";
			outputPaths = (
			);
			runOnlyForDeploymentPostprocessing = 0;
			shellPath = /bin/sh;
			shellScript = "diff \"${PODS_ROOT}/../Podfile.lock\" \"${PODS_ROOT}/Manifest.lock\" > /dev/null\nif [[ $? != 0 ]] ; then\n    cat << EOM\nerror: The sandbox is not in sync with the Podfile.lock. Run 'pod install' or update your CocoaPods installation.\nEOM\n    exit 1\nfi\n";
			showEnvVarsInLog = 0;
		};
		9A01B8F77A9D4469391D8826 /* Embed Pods Frameworks */ = {
			isa = PBXShellScriptBuildPhase;
			buildActionMask = 2147483647;
			files = (
			);
			inputPaths = (
			);
			name = "Embed Pods Frameworks";
			outputPaths = (
			);
			runOnlyForDeploymentPostprocessing = 0;
			shellPath = /bin/sh;
			shellScript = "\"${SRCROOT}/Pods/Target Support Files/Pods/Pods-frameworks.sh\"\n";
			showEnvVarsInLog = 0;
		};
		EA12798F3DFFB01F69B53C53 /* Copy Pods Resources */ = {
			isa = PBXShellScriptBuildPhase;
			buildActionMask = 2147483647;
			files = (
			);
			inputPaths = (
			);
			name = "Copy Pods Resources";
			outputPaths = (
			);
			runOnlyForDeploymentPostprocessing = 0;
			shellPath = /bin/sh;
			shellScript = "\"${SRCROOT}/Pods/Target Support Files/Pods/Pods-resources.sh\"\n";
			showEnvVarsInLog = 0;
		};
/* End PBXShellScriptBuildPhase section */

/* Begin PBXSourcesBuildPhase section */
		637A71EC1C5BF7B10056545A /* Sources */ = {
			isa = PBXSourcesBuildPhase;
			buildActionMask = 2147483647;
			files = (
				637A72161C5C06270056545A /* UsergridManager.swift in Sources */,
				637A72131C5BF8160056545A /* ViewController.swift in Sources */,
				637A720E1C5BF8160056545A /* AppDelegate.swift in Sources */,
			);
			runOnlyForDeploymentPostprocessing = 0;
		};
/* End PBXSourcesBuildPhase section */

/* Begin PBXVariantGroup section */
		637A72081C5BF8160056545A /* LaunchScreen.storyboard */ = {
			isa = PBXVariantGroup;
			children = (
				637A72091C5BF8160056545A /* Base */,
			);
			name = LaunchScreen.storyboard;
			sourceTree = "<group>";
		};
		637A720A1C5BF8160056545A /* Main.storyboard */ = {
			isa = PBXVariantGroup;
			children = (
				637A720B1C5BF8160056545A /* Base */,
			);
			name = Main.storyboard;
			sourceTree = "<group>";
		};
/* End PBXVariantGroup section */

/* Begin XCBuildConfiguration section */
		637A72001C5BF7B10056545A /* Debug */ = {
			isa = XCBuildConfiguration;
			buildSettings = {
				ALWAYS_SEARCH_USER_PATHS = NO;
				CLANG_CXX_LANGUAGE_STANDARD = "gnu++0x";
				CLANG_CXX_LIBRARY = "libc++";
				CLANG_ENABLE_MODULES = YES;
				CLANG_ENABLE_OBJC_ARC = YES;
				CLANG_WARN_BOOL_CONVERSION = YES;
				CLANG_WARN_CONSTANT_CONVERSION = YES;
				CLANG_WARN_DIRECT_OBJC_ISA_USAGE = YES_ERROR;
				CLANG_WARN_EMPTY_BODY = YES;
				CLANG_WARN_ENUM_CONVERSION = YES;
				CLANG_WARN_INT_CONVERSION = YES;
				CLANG_WARN_OBJC_ROOT_CLASS = YES_ERROR;
				CLANG_WARN_UNREACHABLE_CODE = YES;
				CLANG_WARN__DUPLICATE_METHOD_MATCH = YES;
				"CODE_SIGN_IDENTITY[sdk=iphoneos*]" = "iPhone Developer";
				COPY_PHASE_STRIP = NO;
				DEBUG_INFORMATION_FORMAT = dwarf;
				ENABLE_STRICT_OBJC_MSGSEND = YES;
				ENABLE_TESTABILITY = YES;
				GCC_C_LANGUAGE_STANDARD = gnu99;
				GCC_DYNAMIC_NO_PIC = NO;
				GCC_NO_COMMON_BLOCKS = YES;
				GCC_OPTIMIZATION_LEVEL = 0;
				GCC_PREPROCESSOR_DEFINITIONS = (
					"DEBUG=1",
					"$(inherited)",
				);
				GCC_WARN_64_TO_32_BIT_CONVERSION = YES;
				GCC_WARN_ABOUT_RETURN_TYPE = YES_ERROR;
				GCC_WARN_UNDECLARED_SELECTOR = YES;
				GCC_WARN_UNINITIALIZED_AUTOS = YES_AGGRESSIVE;
				GCC_WARN_UNUSED_FUNCTION = YES;
				GCC_WARN_UNUSED_VARIABLE = YES;
				IPHONEOS_DEPLOYMENT_TARGET = 9.2;
				MTL_ENABLE_DEBUG_INFO = YES;
				ONLY_ACTIVE_ARCH = YES;
				SDKROOT = iphoneos;
				SWIFT_OPTIMIZATION_LEVEL = "-Onone";
			};
			name = Debug;
		};
		637A72011C5BF7B10056545A /* Release */ = {
			isa = XCBuildConfiguration;
			buildSettings = {
				ALWAYS_SEARCH_USER_PATHS = NO;
				CLANG_CXX_LANGUAGE_STANDARD = "gnu++0x";
				CLANG_CXX_LIBRARY = "libc++";
				CLANG_ENABLE_MODULES = YES;
				CLANG_ENABLE_OBJC_ARC = YES;
				CLANG_WARN_BOOL_CONVERSION = YES;
				CLANG_WARN_CONSTANT_CONVERSION = YES;
				CLANG_WARN_DIRECT_OBJC_ISA_USAGE = YES_ERROR;
				CLANG_WARN_EMPTY_BODY = YES;
				CLANG_WARN_ENUM_CONVERSION = YES;
				CLANG_WARN_INT_CONVERSION = YES;
				CLANG_WARN_OBJC_ROOT_CLASS = YES_ERROR;
				CLANG_WARN_UNREACHABLE_CODE = YES;
				CLANG_WARN__DUPLICATE_METHOD_MATCH = YES;
				"CODE_SIGN_IDENTITY[sdk=iphoneos*]" = "iPhone Developer";
				COPY_PHASE_STRIP = NO;
				DEBUG_INFORMATION_FORMAT = "dwarf-with-dsym";
				ENABLE_NS_ASSERTIONS = NO;
				ENABLE_STRICT_OBJC_MSGSEND = YES;
				GCC_C_LANGUAGE_STANDARD = gnu99;
				GCC_NO_COMMON_BLOCKS = YES;
				GCC_WARN_64_TO_32_BIT_CONVERSION = YES;
				GCC_WARN_ABOUT_RETURN_TYPE = YES_ERROR;
				GCC_WARN_UNDECLARED_SELECTOR = YES;
				GCC_WARN_UNINITIALIZED_AUTOS = YES_AGGRESSIVE;
				GCC_WARN_UNUSED_FUNCTION = YES;
				GCC_WARN_UNUSED_VARIABLE = YES;
				IPHONEOS_DEPLOYMENT_TARGET = 9.2;
				MTL_ENABLE_DEBUG_INFO = NO;
				SDKROOT = iphoneos;
				VALIDATE_PRODUCT = YES;
			};
			name = Release;
		};
		637A72031C5BF7B10056545A /* Debug */ = {
			isa = XCBuildConfiguration;
			baseConfigurationReference = 40784BA539B3C7FC7074887B /* Pods.debug.xcconfig */;
			buildSettings = {
				ASSETCATALOG_COMPILER_APPICON_NAME = AppIcon;
				CODE_SIGN_IDENTITY = "iPhone Developer";
				INFOPLIST_FILE = Source/Info.plist;
				LD_RUNPATH_SEARCH_PATHS = "$(inherited) @executable_path/Frameworks";
				PRODUCT_BUNDLE_IDENTIFIER = com.usergrid.usergridpushsample;
				PRODUCT_NAME = "$(TARGET_NAME)";
				PROVISIONING_PROFILE = "";
			};
			name = Debug;
		};
		637A72041C5BF7B10056545A /* Release */ = {
			isa = XCBuildConfiguration;
			baseConfigurationReference = 9BB4D667087D6CF002BECEB1 /* Pods.release.xcconfig */;
			buildSettings = {
				ASSETCATALOG_COMPILER_APPICON_NAME = AppIcon;
				CODE_SIGN_IDENTITY = "iPhone Developer";
				"CODE_SIGN_IDENTITY[sdk=iphoneos*]" = "iPhone Developer";
				INFOPLIST_FILE = Source/Info.plist;
				LD_RUNPATH_SEARCH_PATHS = "$(inherited) @executable_path/Frameworks";
				PRODUCT_BUNDLE_IDENTIFIER = com.usergrid.usergridpushsample;
				PRODUCT_NAME = "$(TARGET_NAME)";
				PROVISIONING_PROFILE = "";
			};
			name = Release;
		};
/* End XCBuildConfiguration section */

/* Begin XCConfigurationList section */
		637A71EB1C5BF7B10056545A /* Build configuration list for PBXProject "Push" */ = {
			isa = XCConfigurationList;
			buildConfigurations = (
				637A72001C5BF7B10056545A /* Debug */,
				637A72011C5BF7B10056545A /* Release */,
			);
			defaultConfigurationIsVisible = 0;
			defaultConfigurationName = Release;
		};
		637A72021C5BF7B10056545A /* Build configuration list for PBXNativeTarget "Push" */ = {
			isa = XCConfigurationList;
			buildConfigurations = (
				637A72031C5BF7B10056545A /* Debug */,
				637A72041C5BF7B10056545A /* Release */,
			);
			defaultConfigurationIsVisible = 0;
			defaultConfigurationName = Release;
		};
/* End XCConfigurationList section */
	};
	rootObject = 637A71E81C5BF7B10056545A /* Project object */;
}
