// !$*UTF8*$!
{
	archiveVersion = 1;
	classes = {
	};
	objectVersion = 46;
	objects = {

/* Begin PBXBuildFile section */
		22C1D70617357FC8006202F6 /* MapKit.framework in Frameworks */ = {isa = PBXBuildFile; fileRef = 22C1D70517357FC8006202F6 /* MapKit.framework */; };
		22C1D708173580ED006202F6 /* CoreLocation.framework in Frameworks */ = {isa = PBXBuildFile; fileRef = 22C1D707173580ED006202F6 /* CoreLocation.framework */; };
		22CDB04A173607580015D864 /* Icon.png in Resources */ = {isa = PBXBuildFile; fileRef = 22CDB049173607580015D864 /* Icon.png */; };
		22FC71211730705D00153630 /* UIKit.framework in Frameworks */ = {isa = PBXBuildFile; fileRef = 22FC71201730705D00153630 /* UIKit.framework */; };
		22FC71231730705D00153630 /* Foundation.framework in Frameworks */ = {isa = PBXBuildFile; fileRef = 22FC71221730705D00153630 /* Foundation.framework */; };
		22FC71251730705D00153630 /* CoreGraphics.framework in Frameworks */ = {isa = PBXBuildFile; fileRef = 22FC71241730705D00153630 /* CoreGraphics.framework */; };
		22FC712B1730705D00153630 /* InfoPlist.strings in Resources */ = {isa = PBXBuildFile; fileRef = 22FC71291730705D00153630 /* InfoPlist.strings */; };
		22FC712D1730705D00153630 /* main.m in Sources */ = {isa = PBXBuildFile; fileRef = 22FC712C1730705D00153630 /* main.m */; };
		22FC71311730705D00153630 /* AppDelegate.m in Sources */ = {isa = PBXBuildFile; fileRef = 22FC71301730705D00153630 /* AppDelegate.m */; };
		22FC71331730705D00153630 /* Default.png in Resources */ = {isa = PBXBuildFile; fileRef = 22FC71321730705D00153630 /* Default.png */; };
		22FC71351730705D00153630 /* Default@2x.png in Resources */ = {isa = PBXBuildFile; fileRef = 22FC71341730705D00153630 /* Default@2x.png */; };
		22FC71371730705D00153630 /* Default-568h@2x.png in Resources */ = {isa = PBXBuildFile; fileRef = 22FC71361730705D00153630 /* Default-568h@2x.png */; };
		22FC7189173070DF00153630 /* PartiesViewController.m in Sources */ = {isa = PBXBuildFile; fileRef = 22FC7188173070DF00153630 /* PartiesViewController.m */; };
		22FC718C173075D300153630 /* PartyViewController.m in Sources */ = {isa = PBXBuildFile; fileRef = 22FC718B173075D300153630 /* PartyViewController.m */; };
		B4D09B28ADC1A16DD1BE609C /* libPods-parties.a in Frameworks */ = {isa = PBXBuildFile; fileRef = FE7471C3494CE1B0D4AE1C23 /* libPods-parties.a */; };
/* End PBXBuildFile section */

/* Begin PBXFileReference section */
		22C1D70517357FC8006202F6 /* MapKit.framework */ = {isa = PBXFileReference; lastKnownFileType = wrapper.framework; name = MapKit.framework; path = System/Library/Frameworks/MapKit.framework; sourceTree = SDKROOT; };
		22C1D707173580ED006202F6 /* CoreLocation.framework */ = {isa = PBXFileReference; lastKnownFileType = wrapper.framework; name = CoreLocation.framework; path = System/Library/Frameworks/CoreLocation.framework; sourceTree = SDKROOT; };
		22CDB049173607580015D864 /* Icon.png */ = {isa = PBXFileReference; lastKnownFileType = image.png; path = Icon.png; sourceTree = "<group>"; };
		22FC711D1730705D00153630 /* parties.app */ = {isa = PBXFileReference; explicitFileType = wrapper.application; includeInIndex = 0; path = parties.app; sourceTree = BUILT_PRODUCTS_DIR; };
		22FC71201730705D00153630 /* UIKit.framework */ = {isa = PBXFileReference; lastKnownFileType = wrapper.framework; name = UIKit.framework; path = System/Library/Frameworks/UIKit.framework; sourceTree = SDKROOT; };
		22FC71221730705D00153630 /* Foundation.framework */ = {isa = PBXFileReference; lastKnownFileType = wrapper.framework; name = Foundation.framework; path = System/Library/Frameworks/Foundation.framework; sourceTree = SDKROOT; };
		22FC71241730705D00153630 /* CoreGraphics.framework */ = {isa = PBXFileReference; lastKnownFileType = wrapper.framework; name = CoreGraphics.framework; path = System/Library/Frameworks/CoreGraphics.framework; sourceTree = SDKROOT; };
		22FC71281730705D00153630 /* parties-Info.plist */ = {isa = PBXFileReference; lastKnownFileType = text.plist.xml; path = "parties-Info.plist"; sourceTree = "<group>"; };
		22FC712A1730705D00153630 /* en */ = {isa = PBXFileReference; lastKnownFileType = text.plist.strings; name = en; path = en.lproj/InfoPlist.strings; sourceTree = "<group>"; };
		22FC712C1730705D00153630 /* main.m */ = {isa = PBXFileReference; lastKnownFileType = sourcecode.c.objc; path = main.m; sourceTree = "<group>"; };
		22FC712E1730705D00153630 /* parties-Prefix.pch */ = {isa = PBXFileReference; lastKnownFileType = sourcecode.c.h; path = "parties-Prefix.pch"; sourceTree = "<group>"; };
		22FC712F1730705D00153630 /* AppDelegate.h */ = {isa = PBXFileReference; lastKnownFileType = sourcecode.c.h; path = AppDelegate.h; sourceTree = "<group>"; };
		22FC71301730705D00153630 /* AppDelegate.m */ = {isa = PBXFileReference; lastKnownFileType = sourcecode.c.objc; path = AppDelegate.m; sourceTree = "<group>"; };
		22FC71321730705D00153630 /* Default.png */ = {isa = PBXFileReference; lastKnownFileType = image.png; path = Default.png; sourceTree = "<group>"; };
		22FC71341730705D00153630 /* Default@2x.png */ = {isa = PBXFileReference; lastKnownFileType = image.png; path = "Default@2x.png"; sourceTree = "<group>"; };
		22FC71361730705D00153630 /* Default-568h@2x.png */ = {isa = PBXFileReference; lastKnownFileType = image.png; path = "Default-568h@2x.png"; sourceTree = "<group>"; };
		22FC7187173070DF00153630 /* PartiesViewController.h */ = {isa = PBXFileReference; fileEncoding = 4; lastKnownFileType = sourcecode.c.h; path = PartiesViewController.h; sourceTree = "<group>"; };
		22FC7188173070DF00153630 /* PartiesViewController.m */ = {isa = PBXFileReference; fileEncoding = 4; lastKnownFileType = sourcecode.c.objc; path = PartiesViewController.m; sourceTree = "<group>"; };
		22FC718A173075D300153630 /* PartyViewController.h */ = {isa = PBXFileReference; fileEncoding = 4; lastKnownFileType = sourcecode.c.h; path = PartyViewController.h; sourceTree = "<group>"; };
		22FC718B173075D300153630 /* PartyViewController.m */ = {isa = PBXFileReference; fileEncoding = 4; lastKnownFileType = sourcecode.c.objc; path = PartyViewController.m; sourceTree = "<group>"; };
		265ED452A153C21ECCC46DD4 /* Pods-parties.debug.xcconfig */ = {isa = PBXFileReference; includeInIndex = 1; lastKnownFileType = text.xcconfig; name = "Pods-parties.debug.xcconfig"; path = "Pods/Target Support Files/Pods-parties/Pods-parties.debug.xcconfig"; sourceTree = "<group>"; };
		4DA3766E254D518E8F90DD00 /* Pods-parties.release.xcconfig */ = {isa = PBXFileReference; includeInIndex = 1; lastKnownFileType = text.xcconfig; name = "Pods-parties.release.xcconfig"; path = "Pods/Target Support Files/Pods-parties/Pods-parties.release.xcconfig"; sourceTree = "<group>"; };
		FE7471C3494CE1B0D4AE1C23 /* libPods-parties.a */ = {isa = PBXFileReference; explicitFileType = archive.ar; includeInIndex = 0; path = "libPods-parties.a"; sourceTree = BUILT_PRODUCTS_DIR; };
/* End PBXFileReference section */

/* Begin PBXFrameworksBuildPhase section */
		22FC711A1730705D00153630 /* Frameworks */ = {
			isa = PBXFrameworksBuildPhase;
			buildActionMask = 2147483647;
			files = (
				22C1D708173580ED006202F6 /* CoreLocation.framework in Frameworks */,
				22C1D70617357FC8006202F6 /* MapKit.framework in Frameworks */,
				22FC71211730705D00153630 /* UIKit.framework in Frameworks */,
				22FC71231730705D00153630 /* Foundation.framework in Frameworks */,
				22FC71251730705D00153630 /* CoreGraphics.framework in Frameworks */,
				B4D09B28ADC1A16DD1BE609C /* libPods-parties.a in Frameworks */,
			);
			runOnlyForDeploymentPostprocessing = 0;
		};
/* End PBXFrameworksBuildPhase section */

/* Begin PBXGroup section */
		22FC71141730705D00153630 = {
			isa = PBXGroup;
			children = (
				22C1D707173580ED006202F6 /* CoreLocation.framework */,
				22C1D70517357FC8006202F6 /* MapKit.framework */,
				22FC71261730705D00153630 /* parties */,
				22FC711F1730705D00153630 /* Frameworks */,
				22FC711E1730705D00153630 /* Products */,
				D00C99FAEB982AE7D8E6F5D5 /* Pods */,
			);
			sourceTree = "<group>";
		};
		22FC711E1730705D00153630 /* Products */ = {
			isa = PBXGroup;
			children = (
				22FC711D1730705D00153630 /* parties.app */,
			);
			name = Products;
			sourceTree = "<group>";
		};
		22FC711F1730705D00153630 /* Frameworks */ = {
			isa = PBXGroup;
			children = (
				22FC71201730705D00153630 /* UIKit.framework */,
				22FC71221730705D00153630 /* Foundation.framework */,
				22FC71241730705D00153630 /* CoreGraphics.framework */,
				FE7471C3494CE1B0D4AE1C23 /* libPods-parties.a */,
			);
			name = Frameworks;
			sourceTree = "<group>";
		};
		22FC71261730705D00153630 /* parties */ = {
			isa = PBXGroup;
			children = (
				22FC712F1730705D00153630 /* AppDelegate.h */,
				22FC71301730705D00153630 /* AppDelegate.m */,
				22FC71271730705D00153630 /* Supporting Files */,
				22FC7187173070DF00153630 /* PartiesViewController.h */,
				22FC7188173070DF00153630 /* PartiesViewController.m */,
				22FC718A173075D300153630 /* PartyViewController.h */,
				22FC718B173075D300153630 /* PartyViewController.m */,
			);
			path = parties;
			sourceTree = "<group>";
		};
		22FC71271730705D00153630 /* Supporting Files */ = {
			isa = PBXGroup;
			children = (
				22CDB049173607580015D864 /* Icon.png */,
				22FC71281730705D00153630 /* parties-Info.plist */,
				22FC71291730705D00153630 /* InfoPlist.strings */,
				22FC712C1730705D00153630 /* main.m */,
				22FC712E1730705D00153630 /* parties-Prefix.pch */,
				22FC71321730705D00153630 /* Default.png */,
				22FC71341730705D00153630 /* Default@2x.png */,
				22FC71361730705D00153630 /* Default-568h@2x.png */,
			);
			name = "Supporting Files";
			sourceTree = "<group>";
		};
		D00C99FAEB982AE7D8E6F5D5 /* Pods */ = {
			isa = PBXGroup;
			children = (
				265ED452A153C21ECCC46DD4 /* Pods-parties.debug.xcconfig */,
				4DA3766E254D518E8F90DD00 /* Pods-parties.release.xcconfig */,
			);
			name = Pods;
			sourceTree = "<group>";
		};
/* End PBXGroup section */

/* Begin PBXNativeTarget section */
		22FC711C1730705D00153630 /* parties */ = {
			isa = PBXNativeTarget;
			buildConfigurationList = 22FC713A1730705D00153630 /* Build configuration list for PBXNativeTarget "parties" */;
			buildPhases = (
				0EAD789C12E3FB976C87D35D /* [CP] Check Pods Manifest.lock */,
				22FC71191730705D00153630 /* Sources */,
				22FC711A1730705D00153630 /* Frameworks */,
				22FC711B1730705D00153630 /* Resources */,
				A85721186825FB2122246721 /* [CP] Embed Pods Frameworks */,
				B60DA17777C78D2BCA8F12F0 /* [CP] Copy Pods Resources */,
			);
			buildRules = (
			);
			dependencies = (
			);
			name = parties;
			productName = parties;
			productReference = 22FC711D1730705D00153630 /* parties.app */;
			productType = "com.apple.product-type.application";
		};
/* End PBXNativeTarget section */

/* Begin PBXProject section */
		22FC71151730705D00153630 /* Project object */ = {
			isa = PBXProject;
			attributes = {
				LastUpgradeCheck = 0460;
				ORGANIZATIONNAME = Apigee;
			};
			buildConfigurationList = 22FC71181730705D00153630 /* Build configuration list for PBXProject "parties" */;
			compatibilityVersion = "Xcode 3.2";
			developmentRegion = English;
			hasScannedForEncodings = 0;
			knownRegions = (
				en,
			);
			mainGroup = 22FC71141730705D00153630;
			productRefGroup = 22FC711E1730705D00153630 /* Products */;
			projectDirPath = "";
			projectRoot = "";
			targets = (
				22FC711C1730705D00153630 /* parties */,
			);
		};
/* End PBXProject section */

/* Begin PBXResourcesBuildPhase section */
		22FC711B1730705D00153630 /* Resources */ = {
			isa = PBXResourcesBuildPhase;
			buildActionMask = 2147483647;
			files = (
				22FC712B1730705D00153630 /* InfoPlist.strings in Resources */,
				22FC71331730705D00153630 /* Default.png in Resources */,
				22FC71351730705D00153630 /* Default@2x.png in Resources */,
				22FC71371730705D00153630 /* Default-568h@2x.png in Resources */,
				22CDB04A173607580015D864 /* Icon.png in Resources */,
			);
			runOnlyForDeploymentPostprocessing = 0;
		};
/* End PBXResourcesBuildPhase section */

/* Begin PBXShellScriptBuildPhase section */
		0EAD789C12E3FB976C87D35D /* [CP] Check Pods Manifest.lock */ = {
			isa = PBXShellScriptBuildPhase;
			buildActionMask = 2147483647;
			files = (
			);
			inputPaths = (
			);
			name = "[CP] Check Pods Manifest.lock";
			outputPaths = (
			);
			runOnlyForDeploymentPostprocessing = 0;
			shellPath = /bin/sh;
			shellScript = "diff \"${PODS_ROOT}/../Podfile.lock\" \"${PODS_ROOT}/Manifest.lock\" > /dev/null\nif [ $? != 0 ] ; then\n    # print error to STDERR\n    echo \"error: The sandbox is not in sync with the Podfile.lock. Run 'pod install' or update your CocoaPods installation.\" >&2\n    exit 1\nfi\n";
			showEnvVarsInLog = 0;
		};
		A85721186825FB2122246721 /* [CP] Embed Pods Frameworks */ = {
			isa = PBXShellScriptBuildPhase;
			buildActionMask = 2147483647;
			files = (
			);
			inputPaths = (
			);
			name = "[CP] Embed Pods Frameworks";
			outputPaths = (
			);
			runOnlyForDeploymentPostprocessing = 0;
			shellPath = /bin/sh;
			shellScript = "\"${SRCROOT}/Pods/Target Support Files/Pods-parties/Pods-parties-frameworks.sh\"\n";
			showEnvVarsInLog = 0;
		};
		B60DA17777C78D2BCA8F12F0 /* [CP] Copy Pods Resources */ = {
			isa = PBXShellScriptBuildPhase;
			buildActionMask = 2147483647;
			files = (
			);
			inputPaths = (
			);
			name = "[CP] Copy Pods Resources";
			outputPaths = (
			);
			runOnlyForDeploymentPostprocessing = 0;
			shellPath = /bin/sh;
			shellScript = "\"${SRCROOT}/Pods/Target Support Files/Pods-parties/Pods-parties-resources.sh\"\n";
			showEnvVarsInLog = 0;
		};
/* End PBXShellScriptBuildPhase section */

/* Begin PBXSourcesBuildPhase section */
		22FC71191730705D00153630 /* Sources */ = {
			isa = PBXSourcesBuildPhase;
			buildActionMask = 2147483647;
			files = (
				22FC712D1730705D00153630 /* main.m in Sources */,
				22FC71311730705D00153630 /* AppDelegate.m in Sources */,
				22FC7189173070DF00153630 /* PartiesViewController.m in Sources */,
				22FC718C173075D300153630 /* PartyViewController.m in Sources */,
			);
			runOnlyForDeploymentPostprocessing = 0;
		};
/* End PBXSourcesBuildPhase section */

/* Begin PBXVariantGroup section */
		22FC71291730705D00153630 /* InfoPlist.strings */ = {
			isa = PBXVariantGroup;
			children = (
				22FC712A1730705D00153630 /* en */,
			);
			name = InfoPlist.strings;
			sourceTree = "<group>";
		};
/* End PBXVariantGroup section */

/* Begin XCBuildConfiguration section */
		22FC71381730705D00153630 /* Debug */ = {
			isa = XCBuildConfiguration;
			buildSettings = {
				ALWAYS_SEARCH_USER_PATHS = NO;
				CLANG_CXX_LANGUAGE_STANDARD = "gnu++0x";
				CLANG_CXX_LIBRARY = "libc++";
				CLANG_ENABLE_OBJC_ARC = YES;
				CLANG_WARN_CONSTANT_CONVERSION = YES;
				CLANG_WARN_EMPTY_BODY = YES;
				CLANG_WARN_ENUM_CONVERSION = YES;
				CLANG_WARN_INT_CONVERSION = YES;
				CLANG_WARN__DUPLICATE_METHOD_MATCH = YES;
				"CODE_SIGN_IDENTITY[sdk=iphoneos*]" = "iPhone Developer";
				COPY_PHASE_STRIP = NO;
				GCC_C_LANGUAGE_STANDARD = gnu99;
				GCC_DYNAMIC_NO_PIC = NO;
				GCC_OPTIMIZATION_LEVEL = 0;
				GCC_PREPROCESSOR_DEFINITIONS = (
					"DEBUG=1",
					"$(inherited)",
				);
				GCC_SYMBOLS_PRIVATE_EXTERN = NO;
				GCC_WARN_ABOUT_RETURN_TYPE = YES;
				GCC_WARN_UNINITIALIZED_AUTOS = YES;
				GCC_WARN_UNUSED_VARIABLE = YES;
				IPHONEOS_DEPLOYMENT_TARGET = 6.1;
				ONLY_ACTIVE_ARCH = YES;
				SDKROOT = iphoneos;
				TARGETED_DEVICE_FAMILY = "1,2";
			};
			name = Debug;
		};
		22FC71391730705D00153630 /* Release */ = {
			isa = XCBuildConfiguration;
			buildSettings = {
				ALWAYS_SEARCH_USER_PATHS = NO;
				CLANG_CXX_LANGUAGE_STANDARD = "gnu++0x";
				CLANG_CXX_LIBRARY = "libc++";
				CLANG_ENABLE_OBJC_ARC = YES;
				CLANG_WARN_CONSTANT_CONVERSION = YES;
				CLANG_WARN_EMPTY_BODY = YES;
				CLANG_WARN_ENUM_CONVERSION = YES;
				CLANG_WARN_INT_CONVERSION = YES;
				CLANG_WARN__DUPLICATE_METHOD_MATCH = YES;
				"CODE_SIGN_IDENTITY[sdk=iphoneos*]" = "iPhone Developer";
				COPY_PHASE_STRIP = YES;
				GCC_C_LANGUAGE_STANDARD = gnu99;
				GCC_WARN_ABOUT_RETURN_TYPE = YES;
				GCC_WARN_UNINITIALIZED_AUTOS = YES;
				GCC_WARN_UNUSED_VARIABLE = YES;
				IPHONEOS_DEPLOYMENT_TARGET = 6.1;
				OTHER_CFLAGS = "-DNS_BLOCK_ASSERTIONS=1";
				SDKROOT = iphoneos;
				TARGETED_DEVICE_FAMILY = "1,2";
				VALIDATE_PRODUCT = YES;
			};
			name = Release;
		};
		22FC713B1730705D00153630 /* Debug */ = {
			isa = XCBuildConfiguration;
			baseConfigurationReference = 265ED452A153C21ECCC46DD4 /* Pods-parties.debug.xcconfig */;
			buildSettings = {
				GCC_PRECOMPILE_PREFIX_HEADER = YES;
				GCC_PREFIX_HEADER = "parties/parties-Prefix.pch";
				INFOPLIST_FILE = "parties/parties-Info.plist";
				PRODUCT_NAME = "$(TARGET_NAME)";
				WRAPPER_EXTENSION = app;
			};
			name = Debug;
		};
		22FC713C1730705D00153630 /* Release */ = {
			isa = XCBuildConfiguration;
			baseConfigurationReference = 4DA3766E254D518E8F90DD00 /* Pods-parties.release.xcconfig */;
			buildSettings = {
				GCC_PRECOMPILE_PREFIX_HEADER = YES;
				GCC_PREFIX_HEADER = "parties/parties-Prefix.pch";
				INFOPLIST_FILE = "parties/parties-Info.plist";
				PRODUCT_NAME = "$(TARGET_NAME)";
				WRAPPER_EXTENSION = app;
			};
			name = Release;
		};
/* End XCBuildConfiguration section */

/* Begin XCConfigurationList section */
		22FC71181730705D00153630 /* Build configuration list for PBXProject "parties" */ = {
			isa = XCConfigurationList;
			buildConfigurations = (
				22FC71381730705D00153630 /* Debug */,
				22FC71391730705D00153630 /* Release */,
			);
			defaultConfigurationIsVisible = 0;
			defaultConfigurationName = Release;
		};
		22FC713A1730705D00153630 /* Build configuration list for PBXNativeTarget "parties" */ = {
			isa = XCConfigurationList;
			buildConfigurations = (
				22FC713B1730705D00153630 /* Debug */,
				22FC713C1730705D00153630 /* Release */,
			);
			defaultConfigurationIsVisible = 0;
			defaultConfigurationName = Release;
		};
/* End XCConfigurationList section */
	};
	rootObject = 22FC71151730705D00153630 /* Project object */;
}
